
Microsoft Visual Studio Solution File, Format Version 12.00
Project("{FAE04EC0-301F-11D3-BF4B-00C04F79EFBC}") = "пара 5 дз задания 1 2 модуль 4", "пара 5 дз задания 1 2 модуль 4\пара 5 дз задания 1 2 модуль 4.csproj", "{BD5371DB-EC73-4183-B16E-59F717EF3DDA}"
EndProject
Global
	GlobalSection(SolutionConfigurationPlatforms) = preSolution
		Debug|Any CPU = Debug|Any CPU
		Release|Any CPU = Release|Any CPU
	EndGlobalSection
	GlobalSection(ProjectConfigurationPlatforms) = postSolution
		{BD5371DB-EC73-4183-B16E-59F717EF3DDA}.Debug|Any CPU.ActiveCfg = Debug|Any CPU
		{BD5371DB-EC73-4183-B16E-59F717EF3DDA}.Debug|Any CPU.Build.0 = Debug|Any CPU
		{BD5371DB-EC73-4183-B16E-59F717EF3DDA}.Release|Any CPU.ActiveCfg = Release|Any CPU
		{BD5371DB-EC73-4183-B16E-59F717EF3DDA}.Release|Any CPU.Build.0 = Release|Any CPU
	EndGlobalSection
EndGlobal
